
Microsoft Visual Studio Solution File, Format Version 12.00
# Visual Studio Version 17
VisualStudioVersion = 17.14.36717.8 d17.14
MinimumVisualStudioVersion = 10.0.40219.1
Project("{888888A0-9F3D-457C-B088-3A5042F75D52}") = "SAP_LAB5", "SAP_LAB5.pyproj", "{0042A3BB-4F20-43F8-A307-45361AC1B8EC}"
EndProject
Global
	GlobalSection(SolutionConfigurationPlatforms) = preSolution
		Debug|Any CPU = Debug|Any CPU
		Release|Any CPU = Release|Any CPU
	EndGlobalSection
	GlobalSection(ProjectConfigurationPlatforms) = postSolution
		{0042A3BB-4F20-43F8-A307-45361AC1B8EC}.Debug|Any CPU.ActiveCfg = Debug|Any CPU
		{0042A3BB-4F20-43F8-A307-45361AC1B8EC}.Debug|Any CPU.Build.0 = Debug|Any CPU
		{0042A3BB-4F20-43F8-A307-45361AC1B8EC}.Release|Any CPU.ActiveCfg = Release|Any CPU
		{0042A3BB-4F20-43F8-A307-45361AC1B8EC}.Release|Any CPU.Build.0 = Release|Any CPU
	EndGlobalSection
	GlobalSection(SolutionProperties) = preSolution
		HideSolutionNode = FALSE
	EndGlobalSection
	GlobalSection(ExtensibilityGlobals) = postSolution
		SolutionGuid = {B9736E56-9D8C-4096-ADB6-24DCBB420CA5}
	EndGlobalSection
EndGlobal
